// !$*UTF8*$!
{
	archiveVersion = 1;
	classes = {
	};
	objectVersion = 56;
	objects = {

/* Begin PBXBuildFile section */
		27477C6329DC6D3400800E56 /* HelloSwiftUIApp.swift in Sources */ = {isa = PBXBuildFile; fileRef = 27477C6229DC6D3400800E56 /* HelloSwiftUIApp.swift */; };
		27477C6529DC6D3400800E56 /* ContentView.swift in Sources */ = {isa = PBXBuildFile; fileRef = 27477C6429DC6D3400800E56 /* ContentView.swift */; };
		27477C6729DC6D3500800E56 /* Assets.xcassets in Resources */ = {isa = PBXBuildFile; fileRef = 27477C6629DC6D3500800E56 /* Assets.xcassets */; };
		27477C6A29DC6D3500800E56 /* Preview Assets.xcassets in Resources */ = {isa = PBXBuildFile; fileRef = 27477C6929DC6D3500800E56 /* Preview Assets.xcassets */; };
		27477C7429DC6D3500800E56 /* HelloSwiftUITests.swift in Sources */ = {isa = PBXBuildFile; fileRef = 27477C7329DC6D3500800E56 /* HelloSwiftUITests.swift */; };
		27477C7E29DC6D3500800E56 /* HelloSwiftUIUITests.swift in Sources */ = {isa = PBXBuildFile; fileRef = 27477C7D29DC6D3500800E56 /* HelloSwiftUIUITests.swift */; };
		27477C8029DC6D3500800E56 /* HelloSwiftUIUITestsLaunchTests.swift in Sources */ = {isa = PBXBuildFile; fileRef = 27477C7F29DC6D3500800E56 /* HelloSwiftUIUITestsLaunchTests.swift */; };
		27477C8D29DCEA0600800E56 /* SignContentView.swift in Sources */ = {isa = PBXBuildFile; fileRef = 27477C8C29DCEA0600800E56 /* SignContentView.swift */; };
		27477C9129DD055500800E56 /* StackContentView.swift in Sources */ = {isa = PBXBuildFile; fileRef = 27477C9029DD055500800E56 /* StackContentView.swift */; };
		27477C9429DD109300800E56 /* AnimalMarkerView.swift in Sources */ = {isa = PBXBuildFile; fileRef = 27477C9329DD109300800E56 /* AnimalMarkerView.swift */; };
		27477C9629DD329000800E56 /* AnimalMarkerDetail.swift in Sources */ = {isa = PBXBuildFile; fileRef = 27477C9529DD329000800E56 /* AnimalMarkerDetail.swift */; };
		27477C9929DD37D500800E56 /* BindingView.swift in Sources */ = {isa = PBXBuildFile; fileRef = 27477C9829DD37D500800E56 /* BindingView.swift */; };
		27477C9E29DF0F2000800E56 /* AlertView.swift in Sources */ = {isa = PBXBuildFile; fileRef = 27477C9D29DF0F2000800E56 /* AlertView.swift */; };
		27477CA129DF857C00800E56 /* ActionSheetView.swift in Sources */ = {isa = PBXBuildFile; fileRef = 27477CA029DF857C00800E56 /* ActionSheetView.swift */; };
		27477CA429DFE5B200800E56 /* AnimationView.swift in Sources */ = {isa = PBXBuildFile; fileRef = 27477CA329DFE5B200800E56 /* AnimationView.swift */; };
		27477CA629E2FDF200800E56 /* AnimationView2.swift in Sources */ = {isa = PBXBuildFile; fileRef = 27477CA529E2FDF200800E56 /* AnimationView2.swift */; };
		27477CA829E4D08000800E56 /* AnimationView3.swift in Sources */ = {isa = PBXBuildFile; fileRef = 27477CA729E4D08000800E56 /* AnimationView3.swift */; };
		278545202A28A0DA00241BCD /* DisclosureView.swift in Sources */ = {isa = PBXBuildFile; fileRef = 2785451F2A28A0DA00241BCD /* DisclosureView.swift */; };
		27EE9ABF2A279A4D007877B6 /* ButtonView.swift in Sources */ = {isa = PBXBuildFile; fileRef = 27EE9ABE2A279A4D007877B6 /* ButtonView.swift */; };
/* End PBXBuildFile section */

/* Begin PBXContainerItemProxy section */
		27477C7029DC6D3500800E56 /* PBXContainerItemProxy */ = {
			isa = PBXContainerItemProxy;
			containerPortal = 27477C5729DC6D3400800E56 /* Project object */;
			proxyType = 1;
			remoteGlobalIDString = 27477C5E29DC6D3400800E56;
			remoteInfo = HelloSwiftUI;
		};
		27477C7A29DC6D3500800E56 /* PBXContainerItemProxy */ = {
			isa = PBXContainerItemProxy;
			containerPortal = 27477C5729DC6D3400800E56 /* Project object */;
			proxyType = 1;
			remoteGlobalIDString = 27477C5E29DC6D3400800E56;
			remoteInfo = HelloSwiftUI;
		};
/* End PBXContainerItemProxy section */

/* Begin PBXFileReference section */
		27477C5F29DC6D3400800E56 /* HelloSwiftUI.app */ = {isa = PBXFileReference; explicitFileType = wrapper.application; includeInIndex = 0; path = HelloSwiftUI.app; sourceTree = BUILT_PRODUCTS_DIR; };
		27477C6229DC6D3400800E56 /* HelloSwiftUIApp.swift */ = {isa = PBXFileReference; lastKnownFileType = sourcecode.swift; path = HelloSwiftUIApp.swift; sourceTree = "<group>"; };
		27477C6429DC6D3400800E56 /* ContentView.swift */ = {isa = PBXFileReference; lastKnownFileType = sourcecode.swift; path = ContentView.swift; sourceTree = "<group>"; };
		27477C6629DC6D3500800E56 /* Assets.xcassets */ = {isa = PBXFileReference; lastKnownFileType = folder.assetcatalog; path = Assets.xcassets; sourceTree = "<group>"; };
		27477C6929DC6D3500800E56 /* Preview Assets.xcassets */ = {isa = PBXFileReference; lastKnownFileType = folder.assetcatalog; path = "Preview Assets.xcassets"; sourceTree = "<group>"; };
		27477C6F29DC6D3500800E56 /* HelloSwiftUITests.xctest */ = {isa = PBXFileReference; explicitFileType = wrapper.cfbundle; includeInIndex = 0; path = HelloSwiftUITests.xctest; sourceTree = BUILT_PRODUCTS_DIR; };
		27477C7329DC6D3500800E56 /* HelloSwiftUITests.swift */ = {isa = PBXFileReference; lastKnownFileType = sourcecode.swift; path = HelloSwiftUITests.swift; sourceTree = "<group>"; };
		27477C7929DC6D3500800E56 /* HelloSwiftUIUITests.xctest */ = {isa = PBXFileReference; explicitFileType = wrapper.cfbundle; includeInIndex = 0; path = HelloSwiftUIUITests.xctest; sourceTree = BUILT_PRODUCTS_DIR; };
		27477C7D29DC6D3500800E56 /* HelloSwiftUIUITests.swift */ = {isa = PBXFileReference; lastKnownFileType = sourcecode.swift; path = HelloSwiftUIUITests.swift; sourceTree = "<group>"; };
		27477C7F29DC6D3500800E56 /* HelloSwiftUIUITestsLaunchTests.swift */ = {isa = PBXFileReference; lastKnownFileType = sourcecode.swift; path = HelloSwiftUIUITestsLaunchTests.swift; sourceTree = "<group>"; };
		27477C8C29DCEA0600800E56 /* SignContentView.swift */ = {isa = PBXFileReference; lastKnownFileType = sourcecode.swift; path = SignContentView.swift; sourceTree = "<group>"; };
		27477C9029DD055500800E56 /* StackContentView.swift */ = {isa = PBXFileReference; lastKnownFileType = sourcecode.swift; path = StackContentView.swift; sourceTree = "<group>"; };
		27477C9329DD109300800E56 /* AnimalMarkerView.swift */ = {isa = PBXFileReference; lastKnownFileType = sourcecode.swift; path = AnimalMarkerView.swift; sourceTree = "<group>"; };
		27477C9529DD329000800E56 /* AnimalMarkerDetail.swift */ = {isa = PBXFileReference; lastKnownFileType = sourcecode.swift; path = AnimalMarkerDetail.swift; sourceTree = "<group>"; };
		27477C9829DD37D500800E56 /* BindingView.swift */ = {isa = PBXFileReference; lastKnownFileType = sourcecode.swift; path = BindingView.swift; sourceTree = "<group>"; };
		27477C9D29DF0F2000800E56 /* AlertView.swift */ = {isa = PBXFileReference; lastKnownFileType = sourcecode.swift; path = AlertView.swift; sourceTree = "<group>"; };
		27477CA029DF857C00800E56 /* ActionSheetView.swift */ = {isa = PBXFileReference; lastKnownFileType = sourcecode.swift; path = ActionSheetView.swift; sourceTree = "<group>"; };
		27477CA329DFE5B200800E56 /* AnimationView.swift */ = {isa = PBXFileReference; lastKnownFileType = sourcecode.swift; path = AnimationView.swift; sourceTree = "<group>"; };
		27477CA529E2FDF200800E56 /* AnimationView2.swift */ = {isa = PBXFileReference; lastKnownFileType = sourcecode.swift; path = AnimationView2.swift; sourceTree = "<group>"; };
		27477CA729E4D08000800E56 /* AnimationView3.swift */ = {isa = PBXFileReference; lastKnownFileType = sourcecode.swift; path = AnimationView3.swift; sourceTree = "<group>"; };
		2785451F2A28A0DA00241BCD /* DisclosureView.swift */ = {isa = PBXFileReference; lastKnownFileType = sourcecode.swift; path = DisclosureView.swift; sourceTree = "<group>"; };
		27EE9ABE2A279A4D007877B6 /* ButtonView.swift */ = {isa = PBXFileReference; lastKnownFileType = sourcecode.swift; path = ButtonView.swift; sourceTree = "<group>"; };
/* End PBXFileReference section */

/* Begin PBXFrameworksBuildPhase section */
		27477C5C29DC6D3400800E56 /* Frameworks */ = {
			isa = PBXFrameworksBuildPhase;
			buildActionMask = 2147483647;
			files = (
			);
			runOnlyForDeploymentPostprocessing = 0;
		};
		27477C6C29DC6D3500800E56 /* Frameworks */ = {
			isa = PBXFrameworksBuildPhase;
			buildActionMask = 2147483647;
			files = (
			);
			runOnlyForDeploymentPostprocessing = 0;
		};
		27477C7629DC6D3500800E56 /* Frameworks */ = {
			isa = PBXFrameworksBuildPhase;
			buildActionMask = 2147483647;
			files = (
			);
			runOnlyForDeploymentPostprocessing = 0;
		};
/* End PBXFrameworksBuildPhase section */

/* Begin PBXGroup section */
		27477C5629DC6D3400800E56 = {
			isa = PBXGroup;
			children = (
				27477C6129DC6D3400800E56 /* HelloSwiftUI */,
				27477C7229DC6D3500800E56 /* HelloSwiftUITests */,
				27477C7C29DC6D3500800E56 /* HelloSwiftUIUITests */,
				27477C6029DC6D3400800E56 /* Products */,
			);
			sourceTree = "<group>";
		};
		27477C6029DC6D3400800E56 /* Products */ = {
			isa = PBXGroup;
			children = (
				27477C5F29DC6D3400800E56 /* HelloSwiftUI.app */,
				27477C6F29DC6D3500800E56 /* HelloSwiftUITests.xctest */,
				27477C7929DC6D3500800E56 /* HelloSwiftUIUITests.xctest */,
			);
			name = Products;
			sourceTree = "<group>";
		};
		27477C6129DC6D3400800E56 /* HelloSwiftUI */ = {
			isa = PBXGroup;
			children = (
				27477C9B29DF0F0800800E56 /* Tutorial */,
				27477C9A29DF0EF800800E56 /* Example */,
				27477C6229DC6D3400800E56 /* HelloSwiftUIApp.swift */,
				27477C6429DC6D3400800E56 /* ContentView.swift */,
				27477C6629DC6D3500800E56 /* Assets.xcassets */,
				27477C6829DC6D3500800E56 /* Preview Content */,
			);
			path = HelloSwiftUI;
			sourceTree = "<group>";
		};
		27477C6829DC6D3500800E56 /* Preview Content */ = {
			isa = PBXGroup;
			children = (
				27477C6929DC6D3500800E56 /* Preview Assets.xcassets */,
			);
			path = "Preview Content";
			sourceTree = "<group>";
		};
		27477C7229DC6D3500800E56 /* HelloSwiftUITests */ = {
			isa = PBXGroup;
			children = (
				27477C7329DC6D3500800E56 /* HelloSwiftUITests.swift */,
			);
			path = HelloSwiftUITests;
			sourceTree = "<group>";
		};
		27477C7C29DC6D3500800E56 /* HelloSwiftUIUITests */ = {
			isa = PBXGroup;
			children = (
				27477C7D29DC6D3500800E56 /* HelloSwiftUIUITests.swift */,
				27477C7F29DC6D3500800E56 /* HelloSwiftUIUITestsLaunchTests.swift */,
			);
			path = HelloSwiftUIUITests;
			sourceTree = "<group>";
		};
		27477C8E29DCEA1C00800E56 /* Sign */ = {
			isa = PBXGroup;
			children = (
				27477C8C29DCEA0600800E56 /* SignContentView.swift */,
			);
			path = Sign;
			sourceTree = "<group>";
		};
		27477C8F29DD053100800E56 /* Stack */ = {
			isa = PBXGroup;
			children = (
				27477C9029DD055500800E56 /* StackContentView.swift */,
			);
			path = Stack;
			sourceTree = "<group>";
		};
		27477C9229DD107F00800E56 /* ListView */ = {
			isa = PBXGroup;
			children = (
				27477C9329DD109300800E56 /* AnimalMarkerView.swift */,
				27477C9529DD329000800E56 /* AnimalMarkerDetail.swift */,
			);
			path = ListView;
			sourceTree = "<group>";
		};
		27477C9729DD37C300800E56 /* Binding */ = {
			isa = PBXGroup;
			children = (
				27477C9829DD37D500800E56 /* BindingView.swift */,
			);
			path = Binding;
			sourceTree = "<group>";
		};
		27477C9A29DF0EF800800E56 /* Example */ = {
			isa = PBXGroup;
			children = (
				27477C9729DD37C300800E56 /* Binding */,
				27477C9229DD107F00800E56 /* ListView */,
				27477C8F29DD053100800E56 /* Stack */,
				27477C8E29DCEA1C00800E56 /* Sign */,
			);
			path = Example;
			sourceTree = "<group>";
		};
		27477C9B29DF0F0800800E56 /* Tutorial */ = {
			isa = PBXGroup;
			children = (
				2785451E2A28A0C700241BCD /* Disclosure */,
				27EE9ABD2A279A34007877B6 /* Button */,
				27477CA229DFE5A600800E56 /* Animation */,
				27477C9F29DF856B00800E56 /* ActionSheet */,
				27477C9C29DF0F1100800E56 /* Alert */,
			);
			path = Tutorial;
			sourceTree = "<group>";
		};
		27477C9C29DF0F1100800E56 /* Alert */ = {
			isa = PBXGroup;
			children = (
				27477C9D29DF0F2000800E56 /* AlertView.swift */,
			);
			path = Alert;
			sourceTree = "<group>";
		};
		27477C9F29DF856B00800E56 /* ActionSheet */ = {
			isa = PBXGroup;
			children = (
				27477CA029DF857C00800E56 /* ActionSheetView.swift */,
			);
			path = ActionSheet;
			sourceTree = "<group>";
		};
		27477CA229DFE5A600800E56 /* Animation */ = {
			isa = PBXGroup;
			children = (
				27477CA329DFE5B200800E56 /* AnimationView.swift */,
				27477CA529E2FDF200800E56 /* AnimationView2.swift */,
				27477CA729E4D08000800E56 /* AnimationView3.swift */,
			);
			path = Animation;
			sourceTree = "<group>";
		};
		2785451E2A28A0C700241BCD /* Disclosure */ = {
			isa = PBXGroup;
			children = (
				2785451F2A28A0DA00241BCD /* DisclosureView.swift */,
			);
			path = Disclosure;
			sourceTree = "<group>";
		};
		27EE9ABD2A279A34007877B6 /* Button */ = {
			isa = PBXGroup;
			children = (
				27EE9ABE2A279A4D007877B6 /* ButtonView.swift */,
			);
			path = Button;
			sourceTree = "<group>";
		};
/* End PBXGroup section */

/* Begin PBXNativeTarget section */
		27477C5E29DC6D3400800E56 /* HelloSwiftUI */ = {
			isa = PBXNativeTarget;
			buildConfigurationList = 27477C8329DC6D3500800E56 /* Build configuration list for PBXNativeTarget "HelloSwiftUI" */;
			buildPhases = (
				27477C5B29DC6D3400800E56 /* Sources */,
				27477C5C29DC6D3400800E56 /* Frameworks */,
				27477C5D29DC6D3400800E56 /* Resources */,
			);
			buildRules = (
			);
			dependencies = (
			);
			name = HelloSwiftUI;
			productName = HelloSwiftUI;
			productReference = 27477C5F29DC6D3400800E56 /* HelloSwiftUI.app */;
			productType = "com.apple.product-type.application";
		};
		27477C6E29DC6D3500800E56 /* HelloSwiftUITests */ = {
			isa = PBXNativeTarget;
			buildConfigurationList = 27477C8629DC6D3500800E56 /* Build configuration list for PBXNativeTarget "HelloSwiftUITests" */;
			buildPhases = (
				27477C6B29DC6D3500800E56 /* Sources */,
				27477C6C29DC6D3500800E56 /* Frameworks */,
				27477C6D29DC6D3500800E56 /* Resources */,
			);
			buildRules = (
			);
			dependencies = (
				27477C7129DC6D3500800E56 /* PBXTargetDependency */,
			);
			name = HelloSwiftUITests;
			productName = HelloSwiftUITests;
			productReference = 27477C6F29DC6D3500800E56 /* HelloSwiftUITests.xctest */;
			productType = "com.apple.product-type.bundle.unit-test";
		};
		27477C7829DC6D3500800E56 /* HelloSwiftUIUITests */ = {
			isa = PBXNativeTarget;
			buildConfigurationList = 27477C8929DC6D3500800E56 /* Build configuration list for PBXNativeTarget "HelloSwiftUIUITests" */;
			buildPhases = (
				27477C7529DC6D3500800E56 /* Sources */,
				27477C7629DC6D3500800E56 /* Frameworks */,
				27477C7729DC6D3500800E56 /* Resources */,
			);
			buildRules = (
			);
			dependencies = (
				27477C7B29DC6D3500800E56 /* PBXTargetDependency */,
			);
			name = HelloSwiftUIUITests;
			productName = HelloSwiftUIUITests;
			productReference = 27477C7929DC6D3500800E56 /* HelloSwiftUIUITests.xctest */;
			productType = "com.apple.product-type.bundle.ui-testing";
		};
/* End PBXNativeTarget section */

/* Begin PBXProject section */
		27477C5729DC6D3400800E56 /* Project object */ = {
			isa = PBXProject;
			attributes = {
				BuildIndependentTargetsInParallel = 1;
				LastSwiftUpdateCheck = 1430;
				LastUpgradeCheck = 1430;
				TargetAttributes = {
					27477C5E29DC6D3400800E56 = {
						CreatedOnToolsVersion = 14.3;
					};
					27477C6E29DC6D3500800E56 = {
						CreatedOnToolsVersion = 14.3;
						TestTargetID = 27477C5E29DC6D3400800E56;
					};
					27477C7829DC6D3500800E56 = {
						CreatedOnToolsVersion = 14.3;
						TestTargetID = 27477C5E29DC6D3400800E56;
					};
				};
			};
			buildConfigurationList = 27477C5A29DC6D3400800E56 /* Build configuration list for PBXProject "HelloSwiftUI" */;
			compatibilityVersion = "Xcode 14.0";
			developmentRegion = en;
			hasScannedForEncodings = 0;
			knownRegions = (
				en,
				Base,
			);
			mainGroup = 27477C5629DC6D3400800E56;
			productRefGroup = 27477C6029DC6D3400800E56 /* Products */;
			projectDirPath = "";
			projectRoot = "";
			targets = (
				27477C5E29DC6D3400800E56 /* HelloSwiftUI */,
				27477C6E29DC6D3500800E56 /* HelloSwiftUITests */,
				27477C7829DC6D3500800E56 /* HelloSwiftUIUITests */,
			);
		};
/* End PBXProject section */

/* Begin PBXResourcesBuildPhase section */
		27477C5D29DC6D3400800E56 /* Resources */ = {
			isa = PBXResourcesBuildPhase;
			buildActionMask = 2147483647;
			files = (
				27477C6A29DC6D3500800E56 /* Preview Assets.xcassets in Resources */,
				27477C6729DC6D3500800E56 /* Assets.xcassets in Resources */,
			);
			runOnlyForDeploymentPostprocessing = 0;
		};
		27477C6D29DC6D3500800E56 /* Resources */ = {
			isa = PBXResourcesBuildPhase;
			buildActionMask = 2147483647;
			files = (
			);
			runOnlyForDeploymentPostprocessing = 0;
		};
		27477C7729DC6D3500800E56 /* Resources */ = {
			isa = PBXResourcesBuildPhase;
			buildActionMask = 2147483647;
			files = (
			);
			runOnlyForDeploymentPostprocessing = 0;
		};
/* End PBXResourcesBuildPhase section */

/* Begin PBXSourcesBuildPhase section */
		27477C5B29DC6D3400800E56 /* Sources */ = {
			isa = PBXSourcesBuildPhase;
			buildActionMask = 2147483647;
			files = (
				27477C8D29DCEA0600800E56 /* SignContentView.swift in Sources */,
				27EE9ABF2A279A4D007877B6 /* ButtonView.swift in Sources */,
				27477CA829E4D08000800E56 /* AnimationView3.swift in Sources */,
				27477CA429DFE5B200800E56 /* AnimationView.swift in Sources */,
				27477C9129DD055500800E56 /* StackContentView.swift in Sources */,
				278545202A28A0DA00241BCD /* DisclosureView.swift in Sources */,
				27477C9929DD37D500800E56 /* BindingView.swift in Sources */,
				27477C9429DD109300800E56 /* AnimalMarkerView.swift in Sources */,
				27477CA129DF857C00800E56 /* ActionSheetView.swift in Sources */,
				27477C6529DC6D3400800E56 /* ContentView.swift in Sources */,
				27477C9E29DF0F2000800E56 /* AlertView.swift in Sources */,
				27477C9629DD329000800E56 /* AnimalMarkerDetail.swift in Sources */,
				27477C6329DC6D3400800E56 /* HelloSwiftUIApp.swift in Sources */,
				27477CA629E2FDF200800E56 /* AnimationView2.swift in Sources */,
			);
			runOnlyForDeploymentPostprocessing = 0;
		};
		27477C6B29DC6D3500800E56 /* Sources */ = {
			isa = PBXSourcesBuildPhase;
			buildActionMask = 2147483647;
			files = (
				27477C7429DC6D3500800E56 /* HelloSwiftUITests.swift in Sources */,
			);
			runOnlyForDeploymentPostprocessing = 0;
		};
		27477C7529DC6D3500800E56 /* Sources */ = {
			isa = PBXSourcesBuildPhase;
			buildActionMask = 2147483647;
			files = (
				27477C7E29DC6D3500800E56 /* HelloSwiftUIUITests.swift in Sources */,
				27477C8029DC6D3500800E56 /* HelloSwiftUIUITestsLaunchTests.swift in Sources */,
			);
			runOnlyForDeploymentPostprocessing = 0;
		};
/* End PBXSourcesBuildPhase section */

/* Begin PBXTargetDependency section */
		27477C7129DC6D3500800E56 /* PBXTargetDependency */ = {
			isa = PBXTargetDependency;
			target = 27477C5E29DC6D3400800E56 /* HelloSwiftUI */;
			targetProxy = 27477C7029DC6D3500800E56 /* PBXContainerItemProxy */;
		};
		27477C7B29DC6D3500800E56 /* PBXTargetDependency */ = {
			isa = PBXTargetDependency;
			target = 27477C5E29DC6D3400800E56 /* HelloSwiftUI */;
			targetProxy = 27477C7A29DC6D3500800E56 /* PBXContainerItemProxy */;
		};
/* End PBXTargetDependency section */

/* Begin XCBuildConfiguration section */
		27477C8129DC6D3500800E56 /* Debug */ = {
			isa = XCBuildConfiguration;
			buildSettings = {
				ALWAYS_SEARCH_USER_PATHS = NO;
				CLANG_ANALYZER_NONNULL = YES;
				CLANG_ANALYZER_NUMBER_OBJECT_CONVERSION = YES_AGGRESSIVE;
				CLANG_CXX_LANGUAGE_STANDARD = "gnu++20";
				CLANG_ENABLE_MODULES = YES;
				CLANG_ENABLE_OBJC_ARC = YES;
				CLANG_ENABLE_OBJC_WEAK = YES;
				CLANG_WARN_BLOCK_CAPTURE_AUTORELEASING = YES;
				CLANG_WARN_BOOL_CONVERSION = YES;
				CLANG_WARN_COMMA = YES;
				CLANG_WARN_CONSTANT_CONVERSION = YES;
				CLANG_WARN_DEPRECATED_OBJC_IMPLEMENTATIONS = YES;
				CLANG_WARN_DIRECT_OBJC_ISA_USAGE = YES_ERROR;
				CLANG_WARN_DOCUMENTATION_COMMENTS = YES;
				CLANG_WARN_EMPTY_BODY = YES;
				CLANG_WARN_ENUM_CONVERSION = YES;
				CLANG_WARN_INFINITE_RECURSION = YES;
				CLANG_WARN_INT_CONVERSION = YES;
				CLANG_WARN_NON_LITERAL_NULL_CONVERSION = YES;
				CLANG_WARN_OBJC_IMPLICIT_RETAIN_SELF = YES;
				CLANG_WARN_OBJC_LITERAL_CONVERSION = YES;
				CLANG_WARN_OBJC_ROOT_CLASS = YES_ERROR;
				CLANG_WARN_QUOTED_INCLUDE_IN_FRAMEWORK_HEADER = YES;
				CLANG_WARN_RANGE_LOOP_ANALYSIS = YES;
				CLANG_WARN_STRICT_PROTOTYPES = YES;
				CLANG_WARN_SUSPICIOUS_MOVE = YES;
				CLANG_WARN_UNGUARDED_AVAILABILITY = YES_AGGRESSIVE;
				CLANG_WARN_UNREACHABLE_CODE = YES;
				CLANG_WARN__DUPLICATE_METHOD_MATCH = YES;
				COPY_PHASE_STRIP = NO;
				DEBUG_INFORMATION_FORMAT = dwarf;
				ENABLE_STRICT_OBJC_MSGSEND = YES;
				ENABLE_TESTABILITY = YES;
				GCC_C_LANGUAGE_STANDARD = gnu11;
				GCC_DYNAMIC_NO_PIC = NO;
				GCC_NO_COMMON_BLOCKS = YES;
				GCC_OPTIMIZATION_LEVEL = 0;
				GCC_PREPROCESSOR_DEFINITIONS = (
					"DEBUG=1",
					"$(inherited)",
				);
				GCC_WARN_64_TO_32_BIT_CONVERSION = YES;
				GCC_WARN_ABOUT_RETURN_TYPE = YES_ERROR;
				GCC_WARN_UNDECLARED_SELECTOR = YES;
				GCC_WARN_UNINITIALIZED_AUTOS = YES_AGGRESSIVE;
				GCC_WARN_UNUSED_FUNCTION = YES;
				GCC_WARN_UNUSED_VARIABLE = YES;
				IPHONEOS_DEPLOYMENT_TARGET = 16.4;
				MTL_ENABLE_DEBUG_INFO = INCLUDE_SOURCE;
				MTL_FAST_MATH = YES;
				ONLY_ACTIVE_ARCH = YES;
				SDKROOT = iphoneos;
				SWIFT_ACTIVE_COMPILATION_CONDITIONS = DEBUG;
				SWIFT_OPTIMIZATION_LEVEL = "-Onone";
			};
			name = Debug;
		};
		27477C8229DC6D3500800E56 /* Release */ = {
			isa = XCBuildConfiguration;
			buildSettings = {
				ALWAYS_SEARCH_USER_PATHS = NO;
				CLANG_ANALYZER_NONNULL = YES;
				CLANG_ANALYZER_NUMBER_OBJECT_CONVERSION = YES_AGGRESSIVE;
				CLANG_CXX_LANGUAGE_STANDARD = "gnu++20";
				CLANG_ENABLE_MODULES = YES;
				CLANG_ENABLE_OBJC_ARC = YES;
				CLANG_ENABLE_OBJC_WEAK = YES;
				CLANG_WARN_BLOCK_CAPTURE_AUTORELEASING = YES;
				CLANG_WARN_BOOL_CONVERSION = YES;
				CLANG_WARN_COMMA = YES;
				CLANG_WARN_CONSTANT_CONVERSION = YES;
				CLANG_WARN_DEPRECATED_OBJC_IMPLEMENTATIONS = YES;
				CLANG_WARN_DIRECT_OBJC_ISA_USAGE = YES_ERROR;
				CLANG_WARN_DOCUMENTATION_COMMENTS = YES;
				CLANG_WARN_EMPTY_BODY = YES;
				CLANG_WARN_ENUM_CONVERSION = YES;
				CLANG_WARN_INFINITE_RECURSION = YES;
				CLANG_WARN_INT_CONVERSION = YES;
				CLANG_WARN_NON_LITERAL_NULL_CONVERSION = YES;
				CLANG_WARN_OBJC_IMPLICIT_RETAIN_SELF = YES;
				CLANG_WARN_OBJC_LITERAL_CONVERSION = YES;
				CLANG_WARN_OBJC_ROOT_CLASS = YES_ERROR;
				CLANG_WARN_QUOTED_INCLUDE_IN_FRAMEWORK_HEADER = YES;
				CLANG_WARN_RANGE_LOOP_ANALYSIS = YES;
				CLANG_WARN_STRICT_PROTOTYPES = YES;
				CLANG_WARN_SUSPICIOUS_MOVE = YES;
				CLANG_WARN_UNGUARDED_AVAILABILITY = YES_AGGRESSIVE;
				CLANG_WARN_UNREACHABLE_CODE = YES;
				CLANG_WARN__DUPLICATE_METHOD_MATCH = YES;
				COPY_PHASE_STRIP = NO;
				DEBUG_INFORMATION_FORMAT = "dwarf-with-dsym";
				ENABLE_NS_ASSERTIONS = NO;
				ENABLE_STRICT_OBJC_MSGSEND = YES;
				GCC_C_LANGUAGE_STANDARD = gnu11;
				GCC_NO_COMMON_BLOCKS = YES;
				GCC_WARN_64_TO_32_BIT_CONVERSION = YES;
				GCC_WARN_ABOUT_RETURN_TYPE = YES_ERROR;
				GCC_WARN_UNDECLARED_SELECTOR = YES;
				GCC_WARN_UNINITIALIZED_AUTOS = YES_AGGRESSIVE;
				GCC_WARN_UNUSED_FUNCTION = YES;
				GCC_WARN_UNUSED_VARIABLE = YES;
				IPHONEOS_DEPLOYMENT_TARGET = 16.4;
				MTL_ENABLE_DEBUG_INFO = NO;
				MTL_FAST_MATH = YES;
				SDKROOT = iphoneos;
				SWIFT_COMPILATION_MODE = wholemodule;
				SWIFT_OPTIMIZATION_LEVEL = "-O";
				VALIDATE_PRODUCT = YES;
			};
			name = Release;
		};
		27477C8429DC6D3500800E56 /* Debug */ = {
			isa = XCBuildConfiguration;
			buildSettings = {
				ASSETCATALOG_COMPILER_APPICON_NAME = AppIcon;
				ASSETCATALOG_COMPILER_GLOBAL_ACCENT_COLOR_NAME = AccentColor;
				CODE_SIGN_STYLE = Automatic;
				CURRENT_PROJECT_VERSION = 1;
				DEVELOPMENT_ASSET_PATHS = "\"HelloSwiftUI/Preview Content\"";
				ENABLE_PREVIEWS = YES;
				GENERATE_INFOPLIST_FILE = YES;
				INFOPLIST_KEY_UIApplicationSceneManifest_Generation = YES;
				INFOPLIST_KEY_UIApplicationSupportsIndirectInputEvents = YES;
				INFOPLIST_KEY_UILaunchScreen_Generation = YES;
				INFOPLIST_KEY_UISupportedInterfaceOrientations_iPad = "UIInterfaceOrientationPortrait UIInterfaceOrientationPortraitUpsideDown UIInterfaceOrientationLandscapeLeft UIInterfaceOrientationLandscapeRight";
				INFOPLIST_KEY_UISupportedInterfaceOrientations_iPhone = "UIInterfaceOrientationPortrait UIInterfaceOrientationLandscapeLeft UIInterfaceOrientationLandscapeRight";
				LD_RUNPATH_SEARCH_PATHS = (
					"$(inherited)",
					"@executable_path/Frameworks",
				);
				MARKETING_VERSION = 1.0;
				PRODUCT_BUNDLE_IDENTIFIER = esperer.HelloSwiftUI;
				PRODUCT_NAME = "$(TARGET_NAME)";
				SWIFT_EMIT_LOC_STRINGS = YES;
				SWIFT_VERSION = 5.0;
				TARGETED_DEVICE_FAMILY = "1,2";
			};
			name = Debug;
		};
		27477C8529DC6D3500800E56 /* Release */ = {
			isa = XCBuildConfiguration;
			buildSettings = {
				ASSETCATALOG_COMPILER_APPICON_NAME = AppIcon;
				ASSETCATALOG_COMPILER_GLOBAL_ACCENT_COLOR_NAME = AccentColor;
				CODE_SIGN_STYLE = Automatic;
				CURRENT_PROJECT_VERSION = 1;
				DEVELOPMENT_ASSET_PATHS = "\"HelloSwiftUI/Preview Content\"";
				ENABLE_PREVIEWS = YES;
				GENERATE_INFOPLIST_FILE = YES;
				INFOPLIST_KEY_UIApplicationSceneManifest_Generation = YES;
				INFOPLIST_KEY_UIApplicationSupportsIndirectInputEvents = YES;
				INFOPLIST_KEY_UILaunchScreen_Generation = YES;
				INFOPLIST_KEY_UISupportedInterfaceOrientations_iPad = "UIInterfaceOrientationPortrait UIInterfaceOrientationPortraitUpsideDown UIInterfaceOrientationLandscapeLeft UIInterfaceOrientationLandscapeRight";
				INFOPLIST_KEY_UISupportedInterfaceOrientations_iPhone = "UIInterfaceOrientationPortrait UIInterfaceOrientationLandscapeLeft UIInterfaceOrientationLandscapeRight";
				LD_RUNPATH_SEARCH_PATHS = (
					"$(inherited)",
					"@executable_path/Frameworks",
				);
				MARKETING_VERSION = 1.0;
				PRODUCT_BUNDLE_IDENTIFIER = esperer.HelloSwiftUI;
				PRODUCT_NAME = "$(TARGET_NAME)";
				SWIFT_EMIT_LOC_STRINGS = YES;
				SWIFT_VERSION = 5.0;
				TARGETED_DEVICE_FAMILY = "1,2";
			};
			name = Release;
		};
		27477C8729DC6D3500800E56 /* Debug */ = {
			isa = XCBuildConfiguration;
			buildSettings = {
				ALWAYS_EMBED_SWIFT_STANDARD_LIBRARIES = YES;
				BUNDLE_LOADER = "$(TEST_HOST)";
				CODE_SIGN_STYLE = Automatic;
				CURRENT_PROJECT_VERSION = 1;
				GENERATE_INFOPLIST_FILE = YES;
				IPHONEOS_DEPLOYMENT_TARGET = 16.4;
				MARKETING_VERSION = 1.0;
				PRODUCT_BUNDLE_IDENTIFIER = esperer.HelloSwiftUITests;
				PRODUCT_NAME = "$(TARGET_NAME)";
				SWIFT_EMIT_LOC_STRINGS = NO;
				SWIFT_VERSION = 5.0;
				TARGETED_DEVICE_FAMILY = "1,2";
				TEST_HOST = "$(BUILT_PRODUCTS_DIR)/HelloSwiftUI.app/$(BUNDLE_EXECUTABLE_FOLDER_PATH)/HelloSwiftUI";
			};
			name = Debug;
		};
		27477C8829DC6D3500800E56 /* Release */ = {
			isa = XCBuildConfiguration;
			buildSettings = {
				ALWAYS_EMBED_SWIFT_STANDARD_LIBRARIES = YES;
				BUNDLE_LOADER = "$(TEST_HOST)";
				CODE_SIGN_STYLE = Automatic;
				CURRENT_PROJECT_VERSION = 1;
				GENERATE_INFOPLIST_FILE = YES;
				IPHONEOS_DEPLOYMENT_TARGET = 16.4;
				MARKETING_VERSION = 1.0;
				PRODUCT_BUNDLE_IDENTIFIER = esperer.HelloSwiftUITests;
				PRODUCT_NAME = "$(TARGET_NAME)";
				SWIFT_EMIT_LOC_STRINGS = NO;
				SWIFT_VERSION = 5.0;
				TARGETED_DEVICE_FAMILY = "1,2";
				TEST_HOST = "$(BUILT_PRODUCTS_DIR)/HelloSwiftUI.app/$(BUNDLE_EXECUTABLE_FOLDER_PATH)/HelloSwiftUI";
			};
			name = Release;
		};
		27477C8A29DC6D3500800E56 /* Debug */ = {
			isa = XCBuildConfiguration;
			buildSettings = {
				ALWAYS_EMBED_SWIFT_STANDARD_LIBRARIES = YES;
				CODE_SIGN_STYLE = Automatic;
				CURRENT_PROJECT_VERSION = 1;
				GENERATE_INFOPLIST_FILE = YES;
				MARKETING_VERSION = 1.0;
				PRODUCT_BUNDLE_IDENTIFIER = esperer.HelloSwiftUIUITests;
				PRODUCT_NAME = "$(TARGET_NAME)";
				SWIFT_EMIT_LOC_STRINGS = NO;
				SWIFT_VERSION = 5.0;
				TARGETED_DEVICE_FAMILY = "1,2";
				TEST_TARGET_NAME = HelloSwiftUI;
			};
			name = Debug;
		};
		27477C8B29DC6D3500800E56 /* Release */ = {
			isa = XCBuildConfiguration;
			buildSettings = {
				ALWAYS_EMBED_SWIFT_STANDARD_LIBRARIES = YES;
				CODE_SIGN_STYLE = Automatic;
				CURRENT_PROJECT_VERSION = 1;
				GENERATE_INFOPLIST_FILE = YES;
				MARKETING_VERSION = 1.0;
				PRODUCT_BUNDLE_IDENTIFIER = esperer.HelloSwiftUIUITests;
				PRODUCT_NAME = "$(TARGET_NAME)";
				SWIFT_EMIT_LOC_STRINGS = NO;
				SWIFT_VERSION = 5.0;
				TARGETED_DEVICE_FAMILY = "1,2";
				TEST_TARGET_NAME = HelloSwiftUI;
			};
			name = Release;
		};
/* End XCBuildConfiguration section */

/* Begin XCConfigurationList section */
		27477C5A29DC6D3400800E56 /* Build configuration list for PBXProject "HelloSwiftUI" */ = {
			isa = XCConfigurationList;
			buildConfigurations = (
				27477C8129DC6D3500800E56 /* Debug */,
				27477C8229DC6D3500800E56 /* Release */,
			);
			defaultConfigurationIsVisible = 0;
			defaultConfigurationName = Release;
		};
		27477C8329DC6D3500800E56 /* Build configuration list for PBXNativeTarget "HelloSwiftUI" */ = {
			isa = XCConfigurationList;
			buildConfigurations = (
				27477C8429DC6D3500800E56 /* Debug */,
				27477C8529DC6D3500800E56 /* Release */,
			);
			defaultConfigurationIsVisible = 0;
			defaultConfigurationName = Release;
		};
		27477C8629DC6D3500800E56 /* Build configuration list for PBXNativeTarget "HelloSwiftUITests" */ = {
			isa = XCConfigurationList;
			buildConfigurations = (
				27477C8729DC6D3500800E56 /* Debug */,
				27477C8829DC6D3500800E56 /* Release */,
			);
			defaultConfigurationIsVisible = 0;
			defaultConfigurationName = Release;
		};
		27477C8929DC6D3500800E56 /* Build configuration list for PBXNativeTarget "HelloSwiftUIUITests" */ = {
			isa = XCConfigurationList;
			buildConfigurations = (
				27477C8A29DC6D3500800E56 /* Debug */,
				27477C8B29DC6D3500800E56 /* Release */,
			);
			defaultConfigurationIsVisible = 0;
			defaultConfigurationName = Release;
		};
/* End XCConfigurationList section */
	};
	rootObject = 27477C5729DC6D3400800E56 /* Project object */;
}
